
Microsoft Visual Studio Solution File, Format Version 12.00
# Visual Studio Version 17
VisualStudioVersion = 17.0.31903.59
MinimumVisualStudioVersion = 10.0.40219.1
Project("{FAE04EC0-301F-11D3-BF4B-00C04F79EFBC}") = "CsharpAdvice", "CsharpAdvice\CsharpAdvice.csproj", "{D9FE2456-7988-4746-A7A0-6CC625348D10}"
EndProject
Project("{FAE04EC0-301F-11D3-BF4B-00C04F79EFBC}") = "Advice10", "Advice10\Advice10.csproj", "{07D5D792-EA89-4F04-A811-ABDAE18A5A60}"
EndProject
Project("{FAE04EC0-301F-11D3-BF4B-00C04F79EFBC}") = "Advice11", "Advice11\Advice11.csproj", "{8A87C261-F555-4694-9797-5D6E27C9B46B}"
EndProject
Project("{FAE04EC0-301F-11D3-BF4B-00C04F79EFBC}") = "Advice13", "Advice13\Advice13.csproj", "{73B9C898-90C1-4D89-A9B6-DDD443D5F5E5}"
EndProject
Project("{FAE04EC0-301F-11D3-BF4B-00C04F79EFBC}") = "Advice14", "Advice14\Advice14.csproj", "{D9DE9E5B-0985-4155-9961-72FB87F421C8}"
EndProject
Project("{FAE04EC0-301F-11D3-BF4B-00C04F79EFBC}") = "Advice15", "Advice15\Advice15.csproj", "{C6E30AA2-A8E6-41FF-AEF3-DF7B6AED3D10}"
EndProject
Project("{FAE04EC0-301F-11D3-BF4B-00C04F79EFBC}") = "Advice71", "WindowsFormsApp1\Advice71.csproj", "{ACC2126C-DFDD-40D0-B9EF-0D31D906FCF5}"
EndProject
Project("{FAE04EC0-301F-11D3-BF4B-00C04F79EFBC}") = "Advice72", "Advice72\Advice72.csproj", "{72F2CC5A-40B9-46A6-9466-428CE564D558}"
EndProject
Project("{FAE04EC0-301F-11D3-BF4B-00C04F79EFBC}") = "Advice74", "Advice74\Advice74.csproj", "{565470EC-2587-4C08-8377-5E656599547A}"
EndProject
Project("{FAE04EC0-301F-11D3-BF4B-00C04F79EFBC}") = "Advice75", "Advice75\Advice75.csproj", "{67D83847-D388-4D46-9C4F-553A59A33261}"
EndProject
Project("{FAE04EC0-301F-11D3-BF4B-00C04F79EFBC}") = "Advice76", "Advice76\Advice76.csproj", "{CED376EE-8DE9-4BFF-B17C-B7398AAA0777}"
EndProject
Project("{FAE04EC0-301F-11D3-BF4B-00C04F79EFBC}") = "Advice77", "Advice77\Advice77.csproj", "{87235210-97B4-47AB-8673-10A81BBF6F1B}"
EndProject
Project("{FAE04EC0-301F-11D3-BF4B-00C04F79EFBC}") = "Advice78", "Advice78\Advice78.csproj", "{0CB33BFE-D3F1-4E55-B718-7F1C26503011}"
EndProject
Project("{FAE04EC0-301F-11D3-BF4B-00C04F79EFBC}") = "Advice79", "Advice79\Advice79.csproj", "{78C00D2A-72A1-446D-B3E2-21CCF15AF87E}"
EndProject
Project("{FAE04EC0-301F-11D3-BF4B-00C04F79EFBC}") = "Advice80", "Advice80\Advice80.csproj", "{D2E673D3-B01D-449C-A33D-79B32377FA2F}"
EndProject
Project("{FAE04EC0-301F-11D3-BF4B-00C04F79EFBC}") = "Advice81", "Advice81\Advice81.csproj", "{6C6C4D95-84DB-49DC-9B53-C128FBD84AE5}"
EndProject
Project("{FAE04EC0-301F-11D3-BF4B-00C04F79EFBC}") = "Advice82", "Advice82\Advice82.csproj", "{78FB85A4-1C92-48A8-9E46-D27FE0FCE762}"
EndProject
Project("{FAE04EC0-301F-11D3-BF4B-00C04F79EFBC}") = "Advice83", "Advice83\Advice83.csproj", "{8F07D25C-A04C-426E-929C-F98089753E59}"
EndProject
Project("{FAE04EC0-301F-11D3-BF4B-00C04F79EFBC}") = "Advice84", "Advice84\Advice84.csproj", "{1CE12D74-0D4A-4DD8-BE74-F912C5C6C021}"
EndProject
Project("{FAE04EC0-301F-11D3-BF4B-00C04F79EFBC}") = "Advice85", "Advice85\Advice85.csproj", "{6C9EB888-AC7B-4657-B79D-E6D68681301E}"
EndProject
Project("{FAE04EC0-301F-11D3-BF4B-00C04F79EFBC}") = "Advice86", "Advice86\Advice86.csproj", "{5C060690-882C-4162-9101-566D0694E078}"
EndProject
Project("{FAE04EC0-301F-11D3-BF4B-00C04F79EFBC}") = "Advice87Winform", "Advice87Winform\Advice87Winform.csproj", "{9A9022E3-EC46-4DDB-A6B0-96C077E3520A}"
EndProject
Project("{FAE04EC0-301F-11D3-BF4B-00C04F79EFBC}") = "Advice88", "Advice88\Advice88.csproj", "{27993E4E-0F06-429F-9E11-6740B419343E}"
EndProject
Project("{FAE04EC0-301F-11D3-BF4B-00C04F79EFBC}") = "Advice89", "Advice89\Advice89.csproj", "{F4E8677C-3E6F-4DA7-8F88-AEA3F4DA03DA}"
EndProject
Project("{FAE04EC0-301F-11D3-BF4B-00C04F79EFBC}") = "Advice16", "Advice16\Advice16.csproj", "{28A28780-EF1A-4ED2-B269-6FCF0294F9E1}"
EndProject
Project("{FAE04EC0-301F-11D3-BF4B-00C04F79EFBC}") = "Advice17", "Advice17\Advice17.csproj", "{3BC9D4F1-32C5-4129-BD51-B01C6F1E32ED}"
EndProject
Project("{FAE04EC0-301F-11D3-BF4B-00C04F79EFBC}") = "Advice18", "Advice18\Advice18.csproj", "{BA6ADF97-69C8-4E7C-8A0F-3532752DFA00}"
EndProject
Project("{FAE04EC0-301F-11D3-BF4B-00C04F79EFBC}") = "Advice27", "Advice27\Advice27.csproj", "{3226AEFE-CE53-4B5D-A557-641C1DB932A0}"
EndProject
Project("{FAE04EC0-301F-11D3-BF4B-00C04F79EFBC}") = "Advice28", "Advice28\Advice28.csproj", "{9AD5BA2C-25D9-458E-8464-FA4185F8387F}"
EndProject
Project("{FAE04EC0-301F-11D3-BF4B-00C04F79EFBC}") = "Advice91", "Advice91\Advice91.csproj", "{7116161E-F222-4DB7-A04E-2654CE6A11B1}"
EndProject
Project("{FAE04EC0-301F-11D3-BF4B-00C04F79EFBC}") = "Advice92", "Advice92\Advice92.csproj", "{72B436C0-6648-4EA9-8F93-D93FB42184F9}"
EndProject
Project("{FAE04EC0-301F-11D3-BF4B-00C04F79EFBC}") = "Advice93", "Advice93\Advice93.csproj", "{AE89D902-F056-4886-A10C-64F899411C63}"
EndProject
Project("{9A19103F-16F7-4668-BE54-9A1E7A4F7556}") = "Advice94", "Advice94\Advice94.csproj", "{68A30FFE-66B8-423E-9D7E-BA3ADF187707}"
EndProject
Project("{9A19103F-16F7-4668-BE54-9A1E7A4F7556}") = "Advice95", "Advice95\Advice95.csproj", "{494E486B-CC10-4DF4-B4B9-D90BC792F427}"
EndProject
Project("{9A19103F-16F7-4668-BE54-9A1E7A4F7556}") = "Advice99", "Advice99\Advice99.csproj", "{942A5EBB-6FA3-4350-89E5-3889114A3899}"
EndProject
Project("{FAE04EC0-301F-11D3-BF4B-00C04F79EFBC}") = "Advice33", "ConsoleApp1\Advice33.csproj", "{1456795A-4451-447D-B6FF-02843AA873A3}"
EndProject
Project("{FAE04EC0-301F-11D3-BF4B-00C04F79EFBC}") = "Advice34", "Advice34\Advice34.csproj", "{A04F770F-B084-4F7A-A2A7-C64A905E1BC6}"
EndProject
Global
	GlobalSection(SolutionConfigurationPlatforms) = preSolution
		Debug|Any CPU = Debug|Any CPU
		Debug|x86 = Debug|x86
		Release|Any CPU = Release|Any CPU
		Release|x86 = Release|x86
	EndGlobalSection
	GlobalSection(ProjectConfigurationPlatforms) = postSolution
		{D9FE2456-7988-4746-A7A0-6CC625348D10}.Debug|Any CPU.ActiveCfg = Debug|Any CPU
		{D9FE2456-7988-4746-A7A0-6CC625348D10}.Debug|Any CPU.Build.0 = Debug|Any CPU
		{D9FE2456-7988-4746-A7A0-6CC625348D10}.Debug|x86.ActiveCfg = Debug|Any CPU
		{D9FE2456-7988-4746-A7A0-6CC625348D10}.Debug|x86.Build.0 = Debug|Any CPU
		{D9FE2456-7988-4746-A7A0-6CC625348D10}.Release|Any CPU.ActiveCfg = Release|Any CPU
		{D9FE2456-7988-4746-A7A0-6CC625348D10}.Release|Any CPU.Build.0 = Release|Any CPU
		{D9FE2456-7988-4746-A7A0-6CC625348D10}.Release|x86.ActiveCfg = Release|Any CPU
		{D9FE2456-7988-4746-A7A0-6CC625348D10}.Release|x86.Build.0 = Release|Any CPU
		{07D5D792-EA89-4F04-A811-ABDAE18A5A60}.Debug|Any CPU.ActiveCfg = Debug|Any CPU
		{07D5D792-EA89-4F04-A811-ABDAE18A5A60}.Debug|Any CPU.Build.0 = Debug|Any CPU
		{07D5D792-EA89-4F04-A811-ABDAE18A5A60}.Debug|x86.ActiveCfg = Debug|Any CPU
		{07D5D792-EA89-4F04-A811-ABDAE18A5A60}.Debug|x86.Build.0 = Debug|Any CPU
		{07D5D792-EA89-4F04-A811-ABDAE18A5A60}.Release|Any CPU.ActiveCfg = Release|Any CPU
		{07D5D792-EA89-4F04-A811-ABDAE18A5A60}.Release|Any CPU.Build.0 = Release|Any CPU
		{07D5D792-EA89-4F04-A811-ABDAE18A5A60}.Release|x86.ActiveCfg = Release|Any CPU
		{07D5D792-EA89-4F04-A811-ABDAE18A5A60}.Release|x86.Build.0 = Release|Any CPU
		{8A87C261-F555-4694-9797-5D6E27C9B46B}.Debug|Any CPU.ActiveCfg = Debug|Any CPU
		{8A87C261-F555-4694-9797-5D6E27C9B46B}.Debug|Any CPU.Build.0 = Debug|Any CPU
		{8A87C261-F555-4694-9797-5D6E27C9B46B}.Debug|x86.ActiveCfg = Debug|Any CPU
		{8A87C261-F555-4694-9797-5D6E27C9B46B}.Debug|x86.Build.0 = Debug|Any CPU
		{8A87C261-F555-4694-9797-5D6E27C9B46B}.Release|Any CPU.ActiveCfg = Release|Any CPU
		{8A87C261-F555-4694-9797-5D6E27C9B46B}.Release|Any CPU.Build.0 = Release|Any CPU
		{8A87C261-F555-4694-9797-5D6E27C9B46B}.Release|x86.ActiveCfg = Release|Any CPU
		{8A87C261-F555-4694-9797-5D6E27C9B46B}.Release|x86.Build.0 = Release|Any CPU
		{73B9C898-90C1-4D89-A9B6-DDD443D5F5E5}.Debug|Any CPU.ActiveCfg = Debug|Any CPU
		{73B9C898-90C1-4D89-A9B6-DDD443D5F5E5}.Debug|Any CPU.Build.0 = Debug|Any CPU
		{73B9C898-90C1-4D89-A9B6-DDD443D5F5E5}.Debug|x86.ActiveCfg = Debug|Any CPU
		{73B9C898-90C1-4D89-A9B6-DDD443D5F5E5}.Debug|x86.Build.0 = Debug|Any CPU
		{73B9C898-90C1-4D89-A9B6-DDD443D5F5E5}.Release|Any CPU.ActiveCfg = Release|Any CPU
		{73B9C898-90C1-4D89-A9B6-DDD443D5F5E5}.Release|Any CPU.Build.0 = Release|Any CPU
		{73B9C898-90C1-4D89-A9B6-DDD443D5F5E5}.Release|x86.ActiveCfg = Release|Any CPU
		{73B9C898-90C1-4D89-A9B6-DDD443D5F5E5}.Release|x86.Build.0 = Release|Any CPU
		{D9DE9E5B-0985-4155-9961-72FB87F421C8}.Debug|Any CPU.ActiveCfg = Debug|Any CPU
		{D9DE9E5B-0985-4155-9961-72FB87F421C8}.Debug|Any CPU.Build.0 = Debug|Any CPU
		{D9DE9E5B-0985-4155-9961-72FB87F421C8}.Debug|x86.ActiveCfg = Debug|Any CPU
		{D9DE9E5B-0985-4155-9961-72FB87F421C8}.Debug|x86.Build.0 = Debug|Any CPU
		{D9DE9E5B-0985-4155-9961-72FB87F421C8}.Release|Any CPU.ActiveCfg = Release|Any CPU
		{D9DE9E5B-0985-4155-9961-72FB87F421C8}.Release|Any CPU.Build.0 = Release|Any CPU
		{D9DE9E5B-0985-4155-9961-72FB87F421C8}.Release|x86.ActiveCfg = Release|Any CPU
		{D9DE9E5B-0985-4155-9961-72FB87F421C8}.Release|x86.Build.0 = Release|Any CPU
		{C6E30AA2-A8E6-41FF-AEF3-DF7B6AED3D10}.Debug|Any CPU.ActiveCfg = Debug|Any CPU
		{C6E30AA2-A8E6-41FF-AEF3-DF7B6AED3D10}.Debug|Any CPU.Build.0 = Debug|Any CPU
		{C6E30AA2-A8E6-41FF-AEF3-DF7B6AED3D10}.Debug|x86.ActiveCfg = Debug|Any CPU
		{C6E30AA2-A8E6-41FF-AEF3-DF7B6AED3D10}.Debug|x86.Build.0 = Debug|Any CPU
		{C6E30AA2-A8E6-41FF-AEF3-DF7B6AED3D10}.Release|Any CPU.ActiveCfg = Release|Any CPU
		{C6E30AA2-A8E6-41FF-AEF3-DF7B6AED3D10}.Release|Any CPU.Build.0 = Release|Any CPU
		{C6E30AA2-A8E6-41FF-AEF3-DF7B6AED3D10}.Release|x86.ActiveCfg = Release|Any CPU
		{C6E30AA2-A8E6-41FF-AEF3-DF7B6AED3D10}.Release|x86.Build.0 = Release|Any CPU
		{ACC2126C-DFDD-40D0-B9EF-0D31D906FCF5}.Debug|Any CPU.ActiveCfg = Debug|Any CPU
		{ACC2126C-DFDD-40D0-B9EF-0D31D906FCF5}.Debug|Any CPU.Build.0 = Debug|Any CPU
		{ACC2126C-DFDD-40D0-B9EF-0D31D906FCF5}.Debug|x86.ActiveCfg = Debug|Any CPU
		{ACC2126C-DFDD-40D0-B9EF-0D31D906FCF5}.Debug|x86.Build.0 = Debug|Any CPU
		{ACC2126C-DFDD-40D0-B9EF-0D31D906FCF5}.Release|Any CPU.ActiveCfg = Release|Any CPU
		{ACC2126C-DFDD-40D0-B9EF-0D31D906FCF5}.Release|Any CPU.Build.0 = Release|Any CPU
		{ACC2126C-DFDD-40D0-B9EF-0D31D906FCF5}.Release|x86.ActiveCfg = Release|Any CPU
		{ACC2126C-DFDD-40D0-B9EF-0D31D906FCF5}.Release|x86.Build.0 = Release|Any CPU
		{72F2CC5A-40B9-46A6-9466-428CE564D558}.Debug|Any CPU.ActiveCfg = Debug|x86
		{72F2CC5A-40B9-46A6-9466-428CE564D558}.Debug|Any CPU.Build.0 = Debug|x86
		{72F2CC5A-40B9-46A6-9466-428CE564D558}.Debug|x86.ActiveCfg = Debug|x86
		{72F2CC5A-40B9-46A6-9466-428CE564D558}.Debug|x86.Build.0 = Debug|x86
		{72F2CC5A-40B9-46A6-9466-428CE564D558}.Release|Any CPU.ActiveCfg = Release|x86
		{72F2CC5A-40B9-46A6-9466-428CE564D558}.Release|Any CPU.Build.0 = Release|x86
		{72F2CC5A-40B9-46A6-9466-428CE564D558}.Release|x86.ActiveCfg = Release|x86
		{72F2CC5A-40B9-46A6-9466-428CE564D558}.Release|x86.Build.0 = Release|x86
		{565470EC-2587-4C08-8377-5E656599547A}.Debug|Any CPU.ActiveCfg = Debug|Any CPU
		{565470EC-2587-4C08-8377-5E656599547A}.Debug|Any CPU.Build.0 = Debug|Any CPU
		{565470EC-2587-4C08-8377-5E656599547A}.Debug|x86.ActiveCfg = Debug|Any CPU
		{565470EC-2587-4C08-8377-5E656599547A}.Debug|x86.Build.0 = Debug|Any CPU
		{565470EC-2587-4C08-8377-5E656599547A}.Release|Any CPU.ActiveCfg = Release|Any CPU
		{565470EC-2587-4C08-8377-5E656599547A}.Release|Any CPU.Build.0 = Release|Any CPU
		{565470EC-2587-4C08-8377-5E656599547A}.Release|x86.ActiveCfg = Release|Any CPU
		{565470EC-2587-4C08-8377-5E656599547A}.Release|x86.Build.0 = Release|Any CPU
		{67D83847-D388-4D46-9C4F-553A59A33261}.Debug|Any CPU.ActiveCfg = Debug|Any CPU
		{67D83847-D388-4D46-9C4F-553A59A33261}.Debug|Any CPU.Build.0 = Debug|Any CPU
		{67D83847-D388-4D46-9C4F-553A59A33261}.Debug|x86.ActiveCfg = Debug|Any CPU
		{67D83847-D388-4D46-9C4F-553A59A33261}.Debug|x86.Build.0 = Debug|Any CPU
		{67D83847-D388-4D46-9C4F-553A59A33261}.Release|Any CPU.ActiveCfg = Release|Any CPU
		{67D83847-D388-4D46-9C4F-553A59A33261}.Release|Any CPU.Build.0 = Release|Any CPU
		{67D83847-D388-4D46-9C4F-553A59A33261}.Release|x86.ActiveCfg = Release|Any CPU
		{67D83847-D388-4D46-9C4F-553A59A33261}.Release|x86.Build.0 = Release|Any CPU
		{CED376EE-8DE9-4BFF-B17C-B7398AAA0777}.Debug|Any CPU.ActiveCfg = Debug|Any CPU
		{CED376EE-8DE9-4BFF-B17C-B7398AAA0777}.Debug|Any CPU.Build.0 = Debug|Any CPU
		{CED376EE-8DE9-4BFF-B17C-B7398AAA0777}.Debug|x86.ActiveCfg = Debug|Any CPU
		{CED376EE-8DE9-4BFF-B17C-B7398AAA0777}.Debug|x86.Build.0 = Debug|Any CPU
		{CED376EE-8DE9-4BFF-B17C-B7398AAA0777}.Release|Any CPU.ActiveCfg = Release|Any CPU
		{CED376EE-8DE9-4BFF-B17C-B7398AAA0777}.Release|Any CPU.Build.0 = Release|Any CPU
		{CED376EE-8DE9-4BFF-B17C-B7398AAA0777}.Release|x86.ActiveCfg = Release|Any CPU
		{CED376EE-8DE9-4BFF-B17C-B7398AAA0777}.Release|x86.Build.0 = Release|Any CPU
		{87235210-97B4-47AB-8673-10A81BBF6F1B}.Debug|Any CPU.ActiveCfg = Debug|Any CPU
		{87235210-97B4-47AB-8673-10A81BBF6F1B}.Debug|Any CPU.Build.0 = Debug|Any CPU
		{87235210-97B4-47AB-8673-10A81BBF6F1B}.Debug|x86.ActiveCfg = Debug|Any CPU
		{87235210-97B4-47AB-8673-10A81BBF6F1B}.Debug|x86.Build.0 = Debug|Any CPU
		{87235210-97B4-47AB-8673-10A81BBF6F1B}.Release|Any CPU.ActiveCfg = Release|Any CPU
		{87235210-97B4-47AB-8673-10A81BBF6F1B}.Release|Any CPU.Build.0 = Release|Any CPU
		{87235210-97B4-47AB-8673-10A81BBF6F1B}.Release|x86.ActiveCfg = Release|Any CPU
		{87235210-97B4-47AB-8673-10A81BBF6F1B}.Release|x86.Build.0 = Release|Any CPU
		{0CB33BFE-D3F1-4E55-B718-7F1C26503011}.Debug|Any CPU.ActiveCfg = Debug|Any CPU
		{0CB33BFE-D3F1-4E55-B718-7F1C26503011}.Debug|Any CPU.Build.0 = Debug|Any CPU
		{0CB33BFE-D3F1-4E55-B718-7F1C26503011}.Debug|x86.ActiveCfg = Debug|Any CPU
		{0CB33BFE-D3F1-4E55-B718-7F1C26503011}.Debug|x86.Build.0 = Debug|Any CPU
		{0CB33BFE-D3F1-4E55-B718-7F1C26503011}.Release|Any CPU.ActiveCfg = Release|Any CPU
		{0CB33BFE-D3F1-4E55-B718-7F1C26503011}.Release|Any CPU.Build.0 = Release|Any CPU
		{0CB33BFE-D3F1-4E55-B718-7F1C26503011}.Release|x86.ActiveCfg = Release|Any CPU
		{0CB33BFE-D3F1-4E55-B718-7F1C26503011}.Release|x86.Build.0 = Release|Any CPU
		{78C00D2A-72A1-446D-B3E2-21CCF15AF87E}.Debug|Any CPU.ActiveCfg = Debug|x86
		{78C00D2A-72A1-446D-B3E2-21CCF15AF87E}.Debug|Any CPU.Build.0 = Debug|x86
		{78C00D2A-72A1-446D-B3E2-21CCF15AF87E}.Debug|x86.ActiveCfg = Debug|x86
		{78C00D2A-72A1-446D-B3E2-21CCF15AF87E}.Debug|x86.Build.0 = Debug|x86
		{78C00D2A-72A1-446D-B3E2-21CCF15AF87E}.Release|Any CPU.ActiveCfg = Release|x86
		{78C00D2A-72A1-446D-B3E2-21CCF15AF87E}.Release|Any CPU.Build.0 = Release|x86
		{78C00D2A-72A1-446D-B3E2-21CCF15AF87E}.Release|x86.ActiveCfg = Release|x86
		{78C00D2A-72A1-446D-B3E2-21CCF15AF87E}.Release|x86.Build.0 = Release|x86
		{D2E673D3-B01D-449C-A33D-79B32377FA2F}.Debug|Any CPU.ActiveCfg = Debug|Any CPU
		{D2E673D3-B01D-449C-A33D-79B32377FA2F}.Debug|Any CPU.Build.0 = Debug|Any CPU
		{D2E673D3-B01D-449C-A33D-79B32377FA2F}.Debug|x86.ActiveCfg = Debug|Any CPU
		{D2E673D3-B01D-449C-A33D-79B32377FA2F}.Debug|x86.Build.0 = Debug|Any CPU
		{D2E673D3-B01D-449C-A33D-79B32377FA2F}.Release|Any CPU.ActiveCfg = Release|Any CPU
		{D2E673D3-B01D-449C-A33D-79B32377FA2F}.Release|Any CPU.Build.0 = Release|Any CPU
		{D2E673D3-B01D-449C-A33D-79B32377FA2F}.Release|x86.ActiveCfg = Release|Any CPU
		{D2E673D3-B01D-449C-A33D-79B32377FA2F}.Release|x86.Build.0 = Release|Any CPU
		{6C6C4D95-84DB-49DC-9B53-C128FBD84AE5}.Debug|Any CPU.ActiveCfg = Debug|Any CPU
		{6C6C4D95-84DB-49DC-9B53-C128FBD84AE5}.Debug|Any CPU.Build.0 = Debug|Any CPU
		{6C6C4D95-84DB-49DC-9B53-C128FBD84AE5}.Debug|x86.ActiveCfg = Debug|Any CPU
		{6C6C4D95-84DB-49DC-9B53-C128FBD84AE5}.Debug|x86.Build.0 = Debug|Any CPU
		{6C6C4D95-84DB-49DC-9B53-C128FBD84AE5}.Release|Any CPU.ActiveCfg = Release|Any CPU
		{6C6C4D95-84DB-49DC-9B53-C128FBD84AE5}.Release|Any CPU.Build.0 = Release|Any CPU
		{6C6C4D95-84DB-49DC-9B53-C128FBD84AE5}.Release|x86.ActiveCfg = Release|Any CPU
		{6C6C4D95-84DB-49DC-9B53-C128FBD84AE5}.Release|x86.Build.0 = Release|Any CPU
		{78FB85A4-1C92-48A8-9E46-D27FE0FCE762}.Debug|Any CPU.ActiveCfg = Debug|Any CPU
		{78FB85A4-1C92-48A8-9E46-D27FE0FCE762}.Debug|Any CPU.Build.0 = Debug|Any CPU
		{78FB85A4-1C92-48A8-9E46-D27FE0FCE762}.Debug|x86.ActiveCfg = Debug|Any CPU
		{78FB85A4-1C92-48A8-9E46-D27FE0FCE762}.Debug|x86.Build.0 = Debug|Any CPU
		{78FB85A4-1C92-48A8-9E46-D27FE0FCE762}.Release|Any CPU.ActiveCfg = Release|Any CPU
		{78FB85A4-1C92-48A8-9E46-D27FE0FCE762}.Release|Any CPU.Build.0 = Release|Any CPU
		{78FB85A4-1C92-48A8-9E46-D27FE0FCE762}.Release|x86.ActiveCfg = Release|Any CPU
		{78FB85A4-1C92-48A8-9E46-D27FE0FCE762}.Release|x86.Build.0 = Release|Any CPU
		{8F07D25C-A04C-426E-929C-F98089753E59}.Debug|Any CPU.ActiveCfg = Debug|Any CPU
		{8F07D25C-A04C-426E-929C-F98089753E59}.Debug|Any CPU.Build.0 = Debug|Any CPU
		{8F07D25C-A04C-426E-929C-F98089753E59}.Debug|x86.ActiveCfg = Debug|Any CPU
		{8F07D25C-A04C-426E-929C-F98089753E59}.Debug|x86.Build.0 = Debug|Any CPU
		{8F07D25C-A04C-426E-929C-F98089753E59}.Release|Any CPU.ActiveCfg = Release|Any CPU
		{8F07D25C-A04C-426E-929C-F98089753E59}.Release|Any CPU.Build.0 = Release|Any CPU
		{8F07D25C-A04C-426E-929C-F98089753E59}.Release|x86.ActiveCfg = Release|Any CPU
		{8F07D25C-A04C-426E-929C-F98089753E59}.Release|x86.Build.0 = Release|Any CPU
		{1CE12D74-0D4A-4DD8-BE74-F912C5C6C021}.Debug|Any CPU.ActiveCfg = Debug|Any CPU
		{1CE12D74-0D4A-4DD8-BE74-F912C5C6C021}.Debug|Any CPU.Build.0 = Debug|Any CPU
		{1CE12D74-0D4A-4DD8-BE74-F912C5C6C021}.Debug|x86.ActiveCfg = Debug|Any CPU
		{1CE12D74-0D4A-4DD8-BE74-F912C5C6C021}.Debug|x86.Build.0 = Debug|Any CPU
		{1CE12D74-0D4A-4DD8-BE74-F912C5C6C021}.Release|Any CPU.ActiveCfg = Release|Any CPU
		{1CE12D74-0D4A-4DD8-BE74-F912C5C6C021}.Release|Any CPU.Build.0 = Release|Any CPU
		{1CE12D74-0D4A-4DD8-BE74-F912C5C6C021}.Release|x86.ActiveCfg = Release|Any CPU
		{1CE12D74-0D4A-4DD8-BE74-F912C5C6C021}.Release|x86.Build.0 = Release|Any CPU
		{6C9EB888-AC7B-4657-B79D-E6D68681301E}.Debug|Any CPU.ActiveCfg = Debug|Any CPU
		{6C9EB888-AC7B-4657-B79D-E6D68681301E}.Debug|Any CPU.Build.0 = Debug|Any CPU
		{6C9EB888-AC7B-4657-B79D-E6D68681301E}.Debug|x86.ActiveCfg = Debug|Any CPU
		{6C9EB888-AC7B-4657-B79D-E6D68681301E}.Debug|x86.Build.0 = Debug|Any CPU
		{6C9EB888-AC7B-4657-B79D-E6D68681301E}.Release|Any CPU.ActiveCfg = Release|Any CPU
		{6C9EB888-AC7B-4657-B79D-E6D68681301E}.Release|Any CPU.Build.0 = Release|Any CPU
		{6C9EB888-AC7B-4657-B79D-E6D68681301E}.Release|x86.ActiveCfg = Release|Any CPU
		{6C9EB888-AC7B-4657-B79D-E6D68681301E}.Release|x86.Build.0 = Release|Any CPU
		{5C060690-882C-4162-9101-566D0694E078}.Debug|Any CPU.ActiveCfg = Debug|Any CPU
		{5C060690-882C-4162-9101-566D0694E078}.Debug|Any CPU.Build.0 = Debug|Any CPU
		{5C060690-882C-4162-9101-566D0694E078}.Debug|x86.ActiveCfg = Debug|Any CPU
		{5C060690-882C-4162-9101-566D0694E078}.Debug|x86.Build.0 = Debug|Any CPU
		{5C060690-882C-4162-9101-566D0694E078}.Release|Any CPU.ActiveCfg = Release|Any CPU
		{5C060690-882C-4162-9101-566D0694E078}.Release|Any CPU.Build.0 = Release|Any CPU
		{5C060690-882C-4162-9101-566D0694E078}.Release|x86.ActiveCfg = Release|Any CPU
		{5C060690-882C-4162-9101-566D0694E078}.Release|x86.Build.0 = Release|Any CPU
		{9A9022E3-EC46-4DDB-A6B0-96C077E3520A}.Debug|Any CPU.ActiveCfg = Debug|x86
		{9A9022E3-EC46-4DDB-A6B0-96C077E3520A}.Debug|Any CPU.Build.0 = Debug|x86
		{9A9022E3-EC46-4DDB-A6B0-96C077E3520A}.Debug|x86.ActiveCfg = Debug|x86
		{9A9022E3-EC46-4DDB-A6B0-96C077E3520A}.Debug|x86.Build.0 = Debug|x86
		{9A9022E3-EC46-4DDB-A6B0-96C077E3520A}.Release|Any CPU.ActiveCfg = Release|x86
		{9A9022E3-EC46-4DDB-A6B0-96C077E3520A}.Release|Any CPU.Build.0 = Release|x86
		{9A9022E3-EC46-4DDB-A6B0-96C077E3520A}.Release|x86.ActiveCfg = Release|x86
		{9A9022E3-EC46-4DDB-A6B0-96C077E3520A}.Release|x86.Build.0 = Release|x86
		{27993E4E-0F06-429F-9E11-6740B419343E}.Debug|Any CPU.ActiveCfg = Debug|Any CPU
		{27993E4E-0F06-429F-9E11-6740B419343E}.Debug|Any CPU.Build.0 = Debug|Any CPU
		{27993E4E-0F06-429F-9E11-6740B419343E}.Debug|x86.ActiveCfg = Debug|Any CPU
		{27993E4E-0F06-429F-9E11-6740B419343E}.Debug|x86.Build.0 = Debug|Any CPU
		{27993E4E-0F06-429F-9E11-6740B419343E}.Release|Any CPU.ActiveCfg = Release|Any CPU
		{27993E4E-0F06-429F-9E11-6740B419343E}.Release|Any CPU.Build.0 = Release|Any CPU
		{27993E4E-0F06-429F-9E11-6740B419343E}.Release|x86.ActiveCfg = Release|Any CPU
		{27993E4E-0F06-429F-9E11-6740B419343E}.Release|x86.Build.0 = Release|Any CPU
		{F4E8677C-3E6F-4DA7-8F88-AEA3F4DA03DA}.Debug|Any CPU.ActiveCfg = Debug|Any CPU
		{F4E8677C-3E6F-4DA7-8F88-AEA3F4DA03DA}.Debug|Any CPU.Build.0 = Debug|Any CPU
		{F4E8677C-3E6F-4DA7-8F88-AEA3F4DA03DA}.Debug|x86.ActiveCfg = Debug|Any CPU
		{F4E8677C-3E6F-4DA7-8F88-AEA3F4DA03DA}.Debug|x86.Build.0 = Debug|Any CPU
		{F4E8677C-3E6F-4DA7-8F88-AEA3F4DA03DA}.Release|Any CPU.ActiveCfg = Release|Any CPU
		{F4E8677C-3E6F-4DA7-8F88-AEA3F4DA03DA}.Release|Any CPU.Build.0 = Release|Any CPU
		{F4E8677C-3E6F-4DA7-8F88-AEA3F4DA03DA}.Release|x86.ActiveCfg = Release|Any CPU
		{F4E8677C-3E6F-4DA7-8F88-AEA3F4DA03DA}.Release|x86.Build.0 = Release|Any CPU
		{28A28780-EF1A-4ED2-B269-6FCF0294F9E1}.Debug|Any CPU.ActiveCfg = Debug|Any CPU
		{28A28780-EF1A-4ED2-B269-6FCF0294F9E1}.Debug|Any CPU.Build.0 = Debug|Any CPU
		{28A28780-EF1A-4ED2-B269-6FCF0294F9E1}.Debug|x86.ActiveCfg = Debug|Any CPU
		{28A28780-EF1A-4ED2-B269-6FCF0294F9E1}.Debug|x86.Build.0 = Debug|Any CPU
		{28A28780-EF1A-4ED2-B269-6FCF0294F9E1}.Release|Any CPU.ActiveCfg = Release|Any CPU
		{28A28780-EF1A-4ED2-B269-6FCF0294F9E1}.Release|Any CPU.Build.0 = Release|Any CPU
		{28A28780-EF1A-4ED2-B269-6FCF0294F9E1}.Release|x86.ActiveCfg = Release|Any CPU
		{28A28780-EF1A-4ED2-B269-6FCF0294F9E1}.Release|x86.Build.0 = Release|Any CPU
		{3BC9D4F1-32C5-4129-BD51-B01C6F1E32ED}.Debug|Any CPU.ActiveCfg = Debug|Any CPU
		{3BC9D4F1-32C5-4129-BD51-B01C6F1E32ED}.Debug|Any CPU.Build.0 = Debug|Any CPU
		{3BC9D4F1-32C5-4129-BD51-B01C6F1E32ED}.Debug|x86.ActiveCfg = Debug|Any CPU
		{3BC9D4F1-32C5-4129-BD51-B01C6F1E32ED}.Debug|x86.Build.0 = Debug|Any CPU
		{3BC9D4F1-32C5-4129-BD51-B01C6F1E32ED}.Release|Any CPU.ActiveCfg = Release|Any CPU
		{3BC9D4F1-32C5-4129-BD51-B01C6F1E32ED}.Release|Any CPU.Build.0 = Release|Any CPU
		{3BC9D4F1-32C5-4129-BD51-B01C6F1E32ED}.Release|x86.ActiveCfg = Release|Any CPU
		{3BC9D4F1-32C5-4129-BD51-B01C6F1E32ED}.Release|x86.Build.0 = Release|Any CPU
		{BA6ADF97-69C8-4E7C-8A0F-3532752DFA00}.Debug|Any CPU.ActiveCfg = Debug|Any CPU
		{BA6ADF97-69C8-4E7C-8A0F-3532752DFA00}.Debug|Any CPU.Build.0 = Debug|Any CPU
		{BA6ADF97-69C8-4E7C-8A0F-3532752DFA00}.Debug|x86.ActiveCfg = Debug|Any CPU
		{BA6ADF97-69C8-4E7C-8A0F-3532752DFA00}.Debug|x86.Build.0 = Debug|Any CPU
		{BA6ADF97-69C8-4E7C-8A0F-3532752DFA00}.Release|Any CPU.ActiveCfg = Release|Any CPU
		{BA6ADF97-69C8-4E7C-8A0F-3532752DFA00}.Release|Any CPU.Build.0 = Release|Any CPU
		{BA6ADF97-69C8-4E7C-8A0F-3532752DFA00}.Release|x86.ActiveCfg = Release|Any CPU
		{BA6ADF97-69C8-4E7C-8A0F-3532752DFA00}.Release|x86.Build.0 = Release|Any CPU
		{3226AEFE-CE53-4B5D-A557-641C1DB932A0}.Debug|Any CPU.ActiveCfg = Debug|Any CPU
		{3226AEFE-CE53-4B5D-A557-641C1DB932A0}.Debug|Any CPU.Build.0 = Debug|Any CPU
		{3226AEFE-CE53-4B5D-A557-641C1DB932A0}.Debug|x86.ActiveCfg = Debug|Any CPU
		{3226AEFE-CE53-4B5D-A557-641C1DB932A0}.Debug|x86.Build.0 = Debug|Any CPU
		{3226AEFE-CE53-4B5D-A557-641C1DB932A0}.Release|Any CPU.ActiveCfg = Release|Any CPU
		{3226AEFE-CE53-4B5D-A557-641C1DB932A0}.Release|Any CPU.Build.0 = Release|Any CPU
		{3226AEFE-CE53-4B5D-A557-641C1DB932A0}.Release|x86.ActiveCfg = Release|Any CPU
		{3226AEFE-CE53-4B5D-A557-641C1DB932A0}.Release|x86.Build.0 = Release|Any CPU
		{9AD5BA2C-25D9-458E-8464-FA4185F8387F}.Debug|Any CPU.ActiveCfg = Debug|Any CPU
		{9AD5BA2C-25D9-458E-8464-FA4185F8387F}.Debug|Any CPU.Build.0 = Debug|Any CPU
		{9AD5BA2C-25D9-458E-8464-FA4185F8387F}.Debug|x86.ActiveCfg = Debug|Any CPU
		{9AD5BA2C-25D9-458E-8464-FA4185F8387F}.Debug|x86.Build.0 = Debug|Any CPU
		{9AD5BA2C-25D9-458E-8464-FA4185F8387F}.Release|Any CPU.ActiveCfg = Release|Any CPU
		{9AD5BA2C-25D9-458E-8464-FA4185F8387F}.Release|Any CPU.Build.0 = Release|Any CPU
		{9AD5BA2C-25D9-458E-8464-FA4185F8387F}.Release|x86.ActiveCfg = Release|Any CPU
		{9AD5BA2C-25D9-458E-8464-FA4185F8387F}.Release|x86.Build.0 = Release|Any CPU
		{7116161E-F222-4DB7-A04E-2654CE6A11B1}.Debug|Any CPU.ActiveCfg = Debug|Any CPU
		{7116161E-F222-4DB7-A04E-2654CE6A11B1}.Debug|Any CPU.Build.0 = Debug|Any CPU
		{7116161E-F222-4DB7-A04E-2654CE6A11B1}.Debug|x86.ActiveCfg = Debug|Any CPU
		{7116161E-F222-4DB7-A04E-2654CE6A11B1}.Debug|x86.Build.0 = Debug|Any CPU
		{7116161E-F222-4DB7-A04E-2654CE6A11B1}.Release|Any CPU.ActiveCfg = Release|Any CPU
		{7116161E-F222-4DB7-A04E-2654CE6A11B1}.Release|Any CPU.Build.0 = Release|Any CPU
		{7116161E-F222-4DB7-A04E-2654CE6A11B1}.Release|x86.ActiveCfg = Release|Any CPU
		{7116161E-F222-4DB7-A04E-2654CE6A11B1}.Release|x86.Build.0 = Release|Any CPU
		{72B436C0-6648-4EA9-8F93-D93FB42184F9}.Debug|Any CPU.ActiveCfg = Debug|Any CPU
		{72B436C0-6648-4EA9-8F93-D93FB42184F9}.Debug|Any CPU.Build.0 = Debug|Any CPU
		{72B436C0-6648-4EA9-8F93-D93FB42184F9}.Debug|x86.ActiveCfg = Debug|Any CPU
		{72B436C0-6648-4EA9-8F93-D93FB42184F9}.Debug|x86.Build.0 = Debug|Any CPU
		{72B436C0-6648-4EA9-8F93-D93FB42184F9}.Release|Any CPU.ActiveCfg = Release|Any CPU
		{72B436C0-6648-4EA9-8F93-D93FB42184F9}.Release|Any CPU.Build.0 = Release|Any CPU
		{72B436C0-6648-4EA9-8F93-D93FB42184F9}.Release|x86.ActiveCfg = Release|Any CPU
		{72B436C0-6648-4EA9-8F93-D93FB42184F9}.Release|x86.Build.0 = Release|Any CPU
		{AE89D902-F056-4886-A10C-64F899411C63}.Debug|Any CPU.ActiveCfg = Debug|Any CPU
		{AE89D902-F056-4886-A10C-64F899411C63}.Debug|Any CPU.Build.0 = Debug|Any CPU
		{AE89D902-F056-4886-A10C-64F899411C63}.Debug|x86.ActiveCfg = Debug|Any CPU
		{AE89D902-F056-4886-A10C-64F899411C63}.Debug|x86.Build.0 = Debug|Any CPU
		{AE89D902-F056-4886-A10C-64F899411C63}.Release|Any CPU.ActiveCfg = Release|Any CPU
		{AE89D902-F056-4886-A10C-64F899411C63}.Release|Any CPU.Build.0 = Release|Any CPU
		{AE89D902-F056-4886-A10C-64F899411C63}.Release|x86.ActiveCfg = Release|Any CPU
		{AE89D902-F056-4886-A10C-64F899411C63}.Release|x86.Build.0 = Release|Any CPU
		{68A30FFE-66B8-423E-9D7E-BA3ADF187707}.Debug|Any CPU.ActiveCfg = Debug|Any CPU
		{68A30FFE-66B8-423E-9D7E-BA3ADF187707}.Debug|Any CPU.Build.0 = Debug|Any CPU
		{68A30FFE-66B8-423E-9D7E-BA3ADF187707}.Debug|x86.ActiveCfg = Debug|Any CPU
		{68A30FFE-66B8-423E-9D7E-BA3ADF187707}.Debug|x86.Build.0 = Debug|Any CPU
		{68A30FFE-66B8-423E-9D7E-BA3ADF187707}.Release|Any CPU.ActiveCfg = Release|Any CPU
		{68A30FFE-66B8-423E-9D7E-BA3ADF187707}.Release|Any CPU.Build.0 = Release|Any CPU
		{68A30FFE-66B8-423E-9D7E-BA3ADF187707}.Release|x86.ActiveCfg = Release|Any CPU
		{68A30FFE-66B8-423E-9D7E-BA3ADF187707}.Release|x86.Build.0 = Release|Any CPU
		{494E486B-CC10-4DF4-B4B9-D90BC792F427}.Debug|Any CPU.ActiveCfg = Debug|Any CPU
		{494E486B-CC10-4DF4-B4B9-D90BC792F427}.Debug|Any CPU.Build.0 = Debug|Any CPU
		{494E486B-CC10-4DF4-B4B9-D90BC792F427}.Debug|x86.ActiveCfg = Debug|Any CPU
		{494E486B-CC10-4DF4-B4B9-D90BC792F427}.Debug|x86.Build.0 = Debug|Any CPU
		{494E486B-CC10-4DF4-B4B9-D90BC792F427}.Release|Any CPU.ActiveCfg = Release|Any CPU
		{494E486B-CC10-4DF4-B4B9-D90BC792F427}.Release|Any CPU.Build.0 = Release|Any CPU
		{494E486B-CC10-4DF4-B4B9-D90BC792F427}.Release|x86.ActiveCfg = Release|Any CPU
		{494E486B-CC10-4DF4-B4B9-D90BC792F427}.Release|x86.Build.0 = Release|Any CPU
		{942A5EBB-6FA3-4350-89E5-3889114A3899}.Debug|Any CPU.ActiveCfg = Debug|Any CPU
		{942A5EBB-6FA3-4350-89E5-3889114A3899}.Debug|Any CPU.Build.0 = Debug|Any CPU
		{942A5EBB-6FA3-4350-89E5-3889114A3899}.Debug|x86.ActiveCfg = Debug|Any CPU
		{942A5EBB-6FA3-4350-89E5-3889114A3899}.Debug|x86.Build.0 = Debug|Any CPU
		{942A5EBB-6FA3-4350-89E5-3889114A3899}.Release|Any CPU.ActiveCfg = Release|Any CPU
		{942A5EBB-6FA3-4350-89E5-3889114A3899}.Release|Any CPU.Build.0 = Release|Any CPU
		{942A5EBB-6FA3-4350-89E5-3889114A3899}.Release|x86.ActiveCfg = Release|Any CPU
		{942A5EBB-6FA3-4350-89E5-3889114A3899}.Release|x86.Build.0 = Release|Any CPU
		{1456795A-4451-447D-B6FF-02843AA873A3}.Debug|Any CPU.ActiveCfg = Debug|Any CPU
		{1456795A-4451-447D-B6FF-02843AA873A3}.Debug|Any CPU.Build.0 = Debug|Any CPU
		{1456795A-4451-447D-B6FF-02843AA873A3}.Debug|x86.ActiveCfg = Debug|Any CPU
		{1456795A-4451-447D-B6FF-02843AA873A3}.Debug|x86.Build.0 = Debug|Any CPU
		{1456795A-4451-447D-B6FF-02843AA873A3}.Release|Any CPU.ActiveCfg = Release|Any CPU
		{1456795A-4451-447D-B6FF-02843AA873A3}.Release|Any CPU.Build.0 = Release|Any CPU
		{1456795A-4451-447D-B6FF-02843AA873A3}.Release|x86.ActiveCfg = Release|Any CPU
		{1456795A-4451-447D-B6FF-02843AA873A3}.Release|x86.Build.0 = Release|Any CPU
		{A04F770F-B084-4F7A-A2A7-C64A905E1BC6}.Debug|Any CPU.ActiveCfg = Debug|Any CPU
		{A04F770F-B084-4F7A-A2A7-C64A905E1BC6}.Debug|Any CPU.Build.0 = Debug|Any CPU
		{A04F770F-B084-4F7A-A2A7-C64A905E1BC6}.Debug|x86.ActiveCfg = Debug|Any CPU
		{A04F770F-B084-4F7A-A2A7-C64A905E1BC6}.Debug|x86.Build.0 = Debug|Any CPU
		{A04F770F-B084-4F7A-A2A7-C64A905E1BC6}.Release|Any CPU.ActiveCfg = Release|Any CPU
		{A04F770F-B084-4F7A-A2A7-C64A905E1BC6}.Release|Any CPU.Build.0 = Release|Any CPU
		{A04F770F-B084-4F7A-A2A7-C64A905E1BC6}.Release|x86.ActiveCfg = Release|Any CPU
		{A04F770F-B084-4F7A-A2A7-C64A905E1BC6}.Release|x86.Build.0 = Release|Any CPU
	EndGlobalSection
	GlobalSection(SolutionProperties) = preSolution
		HideSolutionNode = FALSE
	EndGlobalSection
	GlobalSection(ExtensibilityGlobals) = postSolution
		SolutionGuid = {81FF2DA6-8206-403C-9367-C8DD6E4BB5B7}
	EndGlobalSection
EndGlobal
